// !$*UTF8*$!
{
	archiveVersion = 1;
	classes = {
	};
	objectVersion = 46;
	objects = {

/* Begin PBXBuildFile section */
		7FEE873B1C0F1FCC0089AE71 /* main.m in Sources */ = {isa = PBXBuildFile; fileRef = 7FEE873A1C0F1FCC0089AE71 /* main.m */; };
		7FEE87431C0F36470089AE71 /* Student.m in Sources */ = {isa = PBXBuildFile; fileRef = 7FEE87421C0F36470089AE71 /* Student.m */; };
/* End PBXBuildFile section */

/* Begin PBXCopyFilesBuildPhase section */
		7FEE87351C0F1FCC0089AE71 /* CopyFiles */ = {
			isa = PBXCopyFilesBuildPhase;
			buildActionMask = 2147483647;
			dstPath = /usr/share/man/man1/;
			dstSubfolderSpec = 0;
			files = (
			);
			runOnlyForDeploymentPostprocessing = 1;
		};
/* End PBXCopyFilesBuildPhase section */

/* Begin PBXFileReference section */
		7FEE87371C0F1FCC0089AE71 /* 测试专用 */ = {isa = PBXFileReference; explicitFileType = "compiled.mach-o.executable"; includeInIndex = 0; path = "测试专用"; sourceTree = BUILT_PRODUCTS_DIR; };
		7FEE873A1C0F1FCC0089AE71 /* main.m */ = {isa = PBXFileReference; lastKnownFileType = sourcecode.c.objc; path = main.m; sourceTree = "<group>"; };
		7FEE87411C0F36470089AE71 /* Student.h */ = {isa = PBXFileReference; fileEncoding = 4; lastKnownFileType = sourcecode.c.h; path = Student.h; sourceTree = "<group>"; };
		7FEE87421C0F36470089AE71 /* Student.m */ = {isa = PBXFileReference; fileEncoding = 4; lastKnownFileType = sourcecode.c.objc; path = Student.m; sourceTree = "<group>"; };
/* End PBXFileReference section */

/* Begin PBXFrameworksBuildPhase section */
		7FEE87341C0F1FCC0089AE71 /* Frameworks */ = {
			isa = PBXFrameworksBuildPhase;
			buildActionMask = 2147483647;
			files = (
			);
			runOnlyForDeploymentPostprocessing = 0;
		};
/* End PBXFrameworksBuildPhase section */

/* Begin PBXGroup section */
		7FEE872E1C0F1FCC0089AE71 = {
			isa = PBXGroup;
			children = (
				7FEE87411C0F36470089AE71 /* Student.h */,
				7FEE87421C0F36470089AE71 /* Student.m */,
				7FEE87391C0F1FCC0089AE71 /* 测试专用 */,
				7FEE87381C0F1FCC0089AE71 /* Products */,
			);
			sourceTree = "<group>";
		};
		7FEE87381C0F1FCC0089AE71 /* Products */ = {
			isa = PBXGroup;
			children = (
				7FEE87371C0F1FCC0089AE71 /* 测试专用 */,
			);
			name = Products;
			sourceTree = "<group>";
		};
		7FEE87391C0F1FCC0089AE71 /* 测试专用 */ = {
			isa = PBXGroup;
			children = (
				7FEE873A1C0F1FCC0089AE71 /* main.m */,
			);
			path = "测试专用";
			sourceTree = "<group>";
		};
/* End PBXGroup section */

/* Begin PBXNativeTarget section */
		7FEE87361C0F1FCC0089AE71 /* 测试专用 */ = {
			isa = PBXNativeTarget;
			buildConfigurationList = 7FEE873E1C0F1FCC0089AE71 /* Build configuration list for PBXNativeTarget "测试专用" */;
			buildPhases = (
				7FEE87331C0F1FCC0089AE71 /* Sources */,
				7FEE87341C0F1FCC0089AE71 /* Frameworks */,
				7FEE87351C0F1FCC0089AE71 /* CopyFiles */,
			);
			buildRules = (
			);
			dependencies = (
			);
			name = "测试专用";
			productName = "测试专用";
			productReference = 7FEE87371C0F1FCC0089AE71 /* 测试专用 */;
			productType = "com.apple.product-type.tool";
		};
/* End PBXNativeTarget section */

/* Begin PBXProject section */
		7FEE872F1C0F1FCC0089AE71 /* Project object */ = {
			isa = PBXProject;
			attributes = {
				LastUpgradeCheck = 0710;
				ORGANIZATIONNAME = antlin;
				TargetAttributes = {
					7FEE87361C0F1FCC0089AE71 = {
						CreatedOnToolsVersion = 7.1.1;
					};
				};
			};
			buildConfigurationList = 7FEE87321C0F1FCC0089AE71 /* Build configuration list for PBXProject "测试专用" */;
			compatibilityVersion = "Xcode 3.2";
			developmentRegion = English;
			hasScannedForEncodings = 0;
			knownRegions = (
				en,
			);
			mainGroup = 7FEE872E1C0F1FCC0089AE71;
			productRefGroup = 7FEE87381C0F1FCC0089AE71 /* Products */;
			projectDirPath = "";
			projectRoot = "";
			targets = (
				7FEE87361C0F1FCC0089AE71 /* 测试专用 */,
			);
		};
/* End PBXProject section */

/* Begin PBXSourcesBuildPhase section */
		7FEE87331C0F1FCC0089AE71 /* Sources */ = {
			isa = PBXSourcesBuildPhase;
			buildActionMask = 2147483647;
			files = (
				7FEE873B1C0F1FCC0089AE71 /* main.m in Sources */,
				7FEE87431C0F36470089AE71 /* Student.m in Sources */,
			);
			runOnlyForDeploymentPostprocessing = 0;
		};
/* End PBXSourcesBuildPhase section */

/* Begin XCBuildConfiguration section */
		7FEE873C1C0F1FCC0089AE71 /* Debug */ = {
			isa = XCBuildConfiguration;
			buildSettings = {
				ALWAYS_SEARCH_USER_PATHS = NO;
				CLANG_CXX_LANGUAGE_STANDARD = "gnu++0x";
				CLANG_CXX_LIBRARY = "libc++";
				CLANG_ENABLE_MODULES = YES;
				CLANG_ENABLE_OBJC_ARC = YES;
				CLANG_WARN_BOOL_CONVERSION = YES;
				CLANG_WARN_CONSTANT_CONVERSION = YES;
				CLANG_WARN_DIRECT_OBJC_ISA_USAGE = YES_ERROR;
				CLANG_WARN_EMPTY_BODY = YES;
				CLANG_WARN_ENUM_CONVERSION = YES;
				CLANG_WARN_INT_CONVERSION = YES;
				CLANG_WARN_OBJC_ROOT_CLASS = YES_ERROR;
				CLANG_WARN_UNREACHABLE_CODE = YES;
				CLANG_WARN__DUPLICATE_METHOD_MATCH = YES;
				CODE_SIGN_IDENTITY = "-";
				COPY_PHASE_STRIP = NO;
				DEBUG_INFORMATION_FORMAT = dwarf;
				ENABLE_STRICT_OBJC_MSGSEND = YES;
				ENABLE_TESTABILITY = YES;
				GCC_C_LANGUAGE_STANDARD = gnu99;
				GCC_DYNAMIC_NO_PIC = NO;
				GCC_NO_COMMON_BLOCKS = YES;
				GCC_OPTIMIZATION_LEVEL = 0;
				GCC_PREPROCESSOR_DEFINITIONS = (
					"DEBUG=1",
					"$(inherited)",
				);
				GCC_WARN_64_TO_32_BIT_CONVERSION = YES;
				GCC_WARN_ABOUT_RETURN_TYPE = YES_ERROR;
				GCC_WARN_UNDECLARED_SELECTOR = YES;
				GCC_WARN_UNINITIALIZED_AUTOS = YES_AGGRESSIVE;
				GCC_WARN_UNUSED_FUNCTION = YES;
				GCC_WARN_UNUSED_VARIABLE = YES;
				MACOSX_DEPLOYMENT_TARGET = 10.11;
				MTL_ENABLE_DEBUG_INFO = YES;
				ONLY_ACTIVE_ARCH = YES;
				SDKROOT = macosx;
			};
			name = Debug;
		};
		7FEE873D1C0F1FCC0089AE71 /* Release */ = {
			isa = XCBuildConfiguration;
			buildSettings = {
				ALWAYS_SEARCH_USER_PATHS = NO;
				CLANG_CXX_LANGUAGE_STANDARD = "gnu++0x";
				CLANG_CXX_LIBRARY = "libc++";
				CLANG_ENABLE_MODULES = YES;
				CLANG_ENABLE_OBJC_ARC = YES;
				CLANG_WARN_BOOL_CONVERSION = YES;
				CLANG_WARN_CONSTANT_CONVERSION = YES;
				CLANG_WARN_DIRECT_OBJC_ISA_USAGE = YES_ERROR;
				CLANG_WARN_EMPTY_BODY = YES;
				CLANG_WARN_ENUM_CONVERSION = YES;
				CLANG_WARN_INT_CONVERSION = YES;
				CLANG_WARN_OBJC_ROOT_CLASS = YES_ERROR;
				CLANG_WARN_UNREACHABLE_CODE = YES;
				CLANG_WARN__DUPLICATE_METHOD_MATCH = YES;
				CODE_SIGN_IDENTITY = "-";
				COPY_PHASE_STRIP = NO;
				DEBUG_INFORMATION_FORMAT = "dwarf-with-dsym";
				ENABLE_NS_ASSERTIONS = NO;
				ENABLE_STRICT_OBJC_MSGSEND = YES;
				GCC_C_LANGUAGE_STANDARD = gnu99;
				GCC_NO_COMMON_BLOCKS = YES;
				GCC_WARN_64_TO_32_BIT_CONVERSION = YES;
				GCC_WARN_ABOUT_RETURN_TYPE = YES_ERROR;
				GCC_WARN_UNDECLARED_SELECTOR = YES;
				GCC_WARN_UNINITIALIZED_AUTOS = YES_AGGRESSIVE;
				GCC_WARN_UNUSED_FUNCTION = YES;
				GCC_WARN_UNUSED_VARIABLE = YES;
				MACOSX_DEPLOYMENT_TARGET = 10.11;
				MTL_ENABLE_DEBUG_INFO = NO;
				SDKROOT = macosx;
			};
			name = Release;
		};
		7FEE873F1C0F1FCC0089AE71 /* Debug */ = {
			isa = XCBuildConfiguration;
			buildSettings = {
				PRODUCT_NAME = "$(TARGET_NAME)";
			};
			name = Debug;
		};
		7FEE87401C0F1FCC0089AE71 /* Release */ = {
			isa = XCBuildConfiguration;
			buildSettings = {
				PRODUCT_NAME = "$(TARGET_NAME)";
			};
			name = Release;
		};
/* End XCBuildConfiguration section */

/* Begin XCConfigurationList section */
		7FEE87321C0F1FCC0089AE71 /* Build configuration list for PBXProject "测试专用" */ = {
			isa = XCConfigurationList;
			buildConfigurations = (
				7FEE873C1C0F1FCC0089AE71 /* Debug */,
				7FEE873D1C0F1FCC0089AE71 /* Release */,
			);
			defaultConfigurationIsVisible = 0;
			defaultConfigurationName = Release;
		};
		7FEE873E1C0F1FCC0089AE71 /* Build configuration list for PBXNativeTarget "测试专用" */ = {
			isa = XCConfigurationList;
			buildConfigurations = (
				7FEE873F1C0F1FCC0089AE71 /* Debug */,
				7FEE87401C0F1FCC0089AE71 /* Release */,
			);
			defaultConfigurationIsVisible = 0;
		};
/* End XCConfigurationList section */
	};
	rootObject = 7FEE872F1C0F1FCC0089AE71 /* Project object */;
}
